
Microsoft Visual Studio Solution File, Format Version 12.00
# Visual Studio Version 17
VisualStudioVersion = 17.10.35027.167
MinimumVisualStudioVersion = 10.0.40219.1
Project("{FAE04EC0-301F-11D3-BF4B-00C04F79EFBC}") = "LitParse", "LitParse\LitParse.csproj", "{029D1F87-1CB5-4F21-A872-2001961542F2}"
EndProject
Global
	GlobalSection(SolutionConfigurationPlatforms) = preSolution
		Debug|Any CPU = Debug|Any CPU
		Release|Any CPU = Release|Any CPU
	EndGlobalSection
	GlobalSection(ProjectConfigurationPlatforms) = postSolution
		{029D1F87-1CB5-4F21-A872-2001961542F2}.Debug|Any CPU.ActiveCfg = Debug|Any CPU
		{029D1F87-1CB5-4F21-A872-2001961542F2}.Debug|Any CPU.Build.0 = Debug|Any CPU
		{029D1F87-1CB5-4F21-A872-2001961542F2}.Release|Any CPU.ActiveCfg = Release|Any CPU
		{029D1F87-1CB5-4F21-A872-2001961542F2}.Release|Any CPU.Build.0 = Release|Any CPU
	EndGlobalSection
	GlobalSection(SolutionProperties) = preSolution
		HideSolutionNode = FALSE
	EndGlobalSection
	GlobalSection(ExtensibilityGlobals) = postSolution
		SolutionGuid = {B4231DB7-9E0E-4D92-A445-1507A2D2C471}
	EndGlobalSection
EndGlobal
